// !$*UTF8*$!
{
	archiveVersion = 1;
	classes = {
	};
	objectVersion = 50;
	objects = {

/* Begin PBXBuildFile section */
		228D0B34266781B3004407A4 /* DBHelper.swift in Sources */ = {isa = PBXBuildFile; fileRef = 228D0B33266781B3004407A4 /* DBHelper.swift */; };
		228D0B3626679FD4004407A4 /* Recipe.swift in Sources */ = {isa = PBXBuildFile; fileRef = 228D0B3526679FD4004407A4 /* Recipe.swift */; };
		228D0B392667CAF7004407A4 /* History.swift in Sources */ = {isa = PBXBuildFile; fileRef = 228D0B382667CAF7004407A4 /* History.swift */; };
		228D0B3B2668C190004407A4 /* CreateRecipeViewController.swift in Sources */ = {isa = PBXBuildFile; fileRef = 228D0B3A2668C190004407A4 /* CreateRecipeViewController.swift */; };
		228D0BCF266A4C70004407A4 /* ViewRecipeViewController.swift in Sources */ = {isa = PBXBuildFile; fileRef = 228D0BCE266A4C70004407A4 /* ViewRecipeViewController.swift */; };
		228D0BDF266BBEE3004407A4 /* HistoryViewController.swift in Sources */ = {isa = PBXBuildFile; fileRef = 228D0BDE266BBEE3004407A4 /* HistoryViewController.swift */; };
		22CF6B77265E30F2009138A1 /* AppDelegate.swift in Sources */ = {isa = PBXBuildFile; fileRef = 22CF6B76265E30F2009138A1 /* AppDelegate.swift */; };
		22CF6B79265E30F2009138A1 /* SceneDelegate.swift in Sources */ = {isa = PBXBuildFile; fileRef = 22CF6B78265E30F2009138A1 /* SceneDelegate.swift */; };
		22CF6B7B265E30F2009138A1 /* ViewController.swift in Sources */ = {isa = PBXBuildFile; fileRef = 22CF6B7A265E30F2009138A1 /* ViewController.swift */; };
		22CF6B7E265E30F2009138A1 /* Main.storyboard in Resources */ = {isa = PBXBuildFile; fileRef = 22CF6B7C265E30F2009138A1 /* Main.storyboard */; };
		22CF6B80265E30F3009138A1 /* Assets.xcassets in Resources */ = {isa = PBXBuildFile; fileRef = 22CF6B7F265E30F3009138A1 /* Assets.xcassets */; };
		22CF6B83265E30F3009138A1 /* LaunchScreen.storyboard in Resources */ = {isa = PBXBuildFile; fileRef = 22CF6B81265E30F3009138A1 /* LaunchScreen.storyboard */; };
		22CF6B8C265E43BD009138A1 /* RecipeListTableViewCell.swift in Sources */ = {isa = PBXBuildFile; fileRef = 22CF6B8A265E43BD009138A1 /* RecipeListTableViewCell.swift */; };
		22CF6B8D265E43BD009138A1 /* RecipeListTableViewCell.xib in Resources */ = {isa = PBXBuildFile; fileRef = 22CF6B8B265E43BD009138A1 /* RecipeListTableViewCell.xib */; };
/* End PBXBuildFile section */

/* Begin PBXContainerItemProxy section */
		228D0BA6266A02F5004407A4 /* PBXContainerItemProxy */ = {
			isa = PBXContainerItemProxy;
			containerPortal = 228D0B9C266A02F5004407A4 /* SQLite.xcodeproj */;
			proxyType = 2;
			remoteGlobalIDString = EE247AD31C3F04ED00AE3E12;
			remoteInfo = "SQLite iOS";
		};
		228D0BA8266A02F5004407A4 /* PBXContainerItemProxy */ = {
			isa = PBXContainerItemProxy;
			containerPortal = 228D0B9C266A02F5004407A4 /* SQLite.xcodeproj */;
			proxyType = 2;
			remoteGlobalIDString = EE247ADD1C3F04ED00AE3E12;
			remoteInfo = "SQLiteTests iOS";
		};
		228D0BAA266A02F5004407A4 /* PBXContainerItemProxy */ = {
			isa = PBXContainerItemProxy;
			containerPortal = 228D0B9C266A02F5004407A4 /* SQLite.xcodeproj */;
			proxyType = 2;
			remoteGlobalIDString = EE247B3C1C3F3ED000AE3E12;
			remoteInfo = "SQLite Mac";
		};
		228D0BAC266A02F5004407A4 /* PBXContainerItemProxy */ = {
			isa = PBXContainerItemProxy;
			containerPortal = 228D0B9C266A02F5004407A4 /* SQLite.xcodeproj */;
			proxyType = 2;
			remoteGlobalIDString = EE247B451C3F3ED000AE3E12;
			remoteInfo = "SQLiteTests Mac";
		};
		228D0BAE266A02F5004407A4 /* PBXContainerItemProxy */ = {
			isa = PBXContainerItemProxy;
			containerPortal = 228D0B9C266A02F5004407A4 /* SQLite.xcodeproj */;
			proxyType = 2;
			remoteGlobalIDString = 03A65E5A1C6BB0F50062603F;
			remoteInfo = "SQLite tvOS";
		};
		228D0BB0266A02F5004407A4 /* PBXContainerItemProxy */ = {
			isa = PBXContainerItemProxy;
			containerPortal = 228D0B9C266A02F5004407A4 /* SQLite.xcodeproj */;
			proxyType = 2;
			remoteGlobalIDString = 03A65E631C6BB0F60062603F;
			remoteInfo = "SQLiteTests tvOS";
		};
		228D0BB2266A02F5004407A4 /* PBXContainerItemProxy */ = {
			isa = PBXContainerItemProxy;
			containerPortal = 228D0B9C266A02F5004407A4 /* SQLite.xcodeproj */;
			proxyType = 2;
			remoteGlobalIDString = A121AC451CA35C79005A31D1;
			remoteInfo = "SQLite watchOS";
		};
/* End PBXContainerItemProxy section */

/* Begin PBXCopyFilesBuildPhase section */
		228D0B2B26677C1A004407A4 /* Embed Frameworks */ = {
			isa = PBXCopyFilesBuildPhase;
			buildActionMask = 2147483647;
			dstPath = "";
			dstSubfolderSpec = 10;
			files = (
			);
			name = "Embed Frameworks";
			runOnlyForDeploymentPostprocessing = 0;
		};
/* End PBXCopyFilesBuildPhase section */

/* Begin PBXFileReference section */
		228D0B33266781B3004407A4 /* DBHelper.swift */ = {isa = PBXFileReference; lastKnownFileType = sourcecode.swift; path = DBHelper.swift; sourceTree = "<group>"; };
		228D0B3526679FD4004407A4 /* Recipe.swift */ = {isa = PBXFileReference; lastKnownFileType = sourcecode.swift; path = Recipe.swift; sourceTree = "<group>"; };
		228D0B382667CAF7004407A4 /* History.swift */ = {isa = PBXFileReference; lastKnownFileType = sourcecode.swift; path = History.swift; sourceTree = "<group>"; };
		228D0B3A2668C190004407A4 /* CreateRecipeViewController.swift */ = {isa = PBXFileReference; lastKnownFileType = sourcecode.swift; path = CreateRecipeViewController.swift; sourceTree = "<group>"; };
		228D0B9C266A02F5004407A4 /* SQLite.xcodeproj */ = {isa = PBXFileReference; lastKnownFileType = "wrapper.pb-project"; name = SQLite.xcodeproj; path = "../../../../Downloads/SQLite-3.swift-master/SQLite.xcodeproj"; sourceTree = "<group>"; };
		228D0BCE266A4C70004407A4 /* ViewRecipeViewController.swift */ = {isa = PBXFileReference; lastKnownFileType = sourcecode.swift; path = ViewRecipeViewController.swift; sourceTree = "<group>"; };
		228D0BDE266BBEE3004407A4 /* HistoryViewController.swift */ = {isa = PBXFileReference; lastKnownFileType = sourcecode.swift; path = HistoryViewController.swift; sourceTree = "<group>"; };
		22CF6B73265E30F2009138A1 /* MyRecipe.app */ = {isa = PBXFileReference; explicitFileType = wrapper.application; includeInIndex = 0; path = MyRecipe.app; sourceTree = BUILT_PRODUCTS_DIR; };
		22CF6B76265E30F2009138A1 /* AppDelegate.swift */ = {isa = PBXFileReference; lastKnownFileType = sourcecode.swift; path = AppDelegate.swift; sourceTree = "<group>"; };
		22CF6B78265E30F2009138A1 /* SceneDelegate.swift */ = {isa = PBXFileReference; lastKnownFileType = sourcecode.swift; path = SceneDelegate.swift; sourceTree = "<group>"; };
		22CF6B7A265E30F2009138A1 /* ViewController.swift */ = {isa = PBXFileReference; lastKnownFileType = sourcecode.swift; path = ViewController.swift; sourceTree = "<group>"; };
		22CF6B7D265E30F2009138A1 /* Base */ = {isa = PBXFileReference; lastKnownFileType = file.storyboard; name = Base; path = Base.lproj/Main.storyboard; sourceTree = "<group>"; };
		22CF6B7F265E30F3009138A1 /* Assets.xcassets */ = {isa = PBXFileReference; lastKnownFileType = folder.assetcatalog; path = Assets.xcassets; sourceTree = "<group>"; };
		22CF6B82265E30F3009138A1 /* Base */ = {isa = PBXFileReference; lastKnownFileType = file.storyboard; name = Base; path = Base.lproj/LaunchScreen.storyboard; sourceTree = "<group>"; };
		22CF6B84265E30F3009138A1 /* Info.plist */ = {isa = PBXFileReference; lastKnownFileType = text.plist.xml; path = Info.plist; sourceTree = "<group>"; };
		22CF6B8A265E43BD009138A1 /* RecipeListTableViewCell.swift */ = {isa = PBXFileReference; lastKnownFileType = sourcecode.swift; path = RecipeListTableViewCell.swift; sourceTree = "<group>"; };
		22CF6B8B265E43BD009138A1 /* RecipeListTableViewCell.xib */ = {isa = PBXFileReference; lastKnownFileType = file.xib; path = RecipeListTableViewCell.xib; sourceTree = "<group>"; };
/* End PBXFileReference section */

/* Begin PBXFrameworksBuildPhase section */
		22CF6B70265E30F2009138A1 /* Frameworks */ = {
			isa = PBXFrameworksBuildPhase;
			buildActionMask = 2147483647;
			files = (
			);
			runOnlyForDeploymentPostprocessing = 0;
		};
/* End PBXFrameworksBuildPhase section */

/* Begin PBXGroup section */
		228D0B2826677C1A004407A4 /* Frameworks */ = {
			isa = PBXGroup;
			children = (
			);
			name = Frameworks;
			sourceTree = "<group>";
		};
		228D0B2E26677E37004407A4 /* delegate */ = {
			isa = PBXGroup;
			children = (
				22CF6B76265E30F2009138A1 /* AppDelegate.swift */,
				22CF6B78265E30F2009138A1 /* SceneDelegate.swift */,
			);
			path = delegate;
			sourceTree = "<group>";
		};
		228D0B2F26677E58004407A4 /* controller */ = {
			isa = PBXGroup;
			children = (
				22CF6B7A265E30F2009138A1 /* ViewController.swift */,
				228D0B3A2668C190004407A4 /* CreateRecipeViewController.swift */,
				228D0BCE266A4C70004407A4 /* ViewRecipeViewController.swift */,
				228D0BDE266BBEE3004407A4 /* HistoryViewController.swift */,
			);
			path = controller;
			sourceTree = "<group>";
		};
		228D0B3026677E66004407A4 /* storyboard */ = {
			isa = PBXGroup;
			children = (
				22CF6B81265E30F3009138A1 /* LaunchScreen.storyboard */,
				22CF6B7C265E30F2009138A1 /* Main.storyboard */,
			);
			path = storyboard;
			sourceTree = "<group>";
		};
		228D0B3126677E73004407A4 /* cell */ = {
			isa = PBXGroup;
			children = (
				22CF6B8B265E43BD009138A1 /* RecipeListTableViewCell.xib */,
				22CF6B8A265E43BD009138A1 /* RecipeListTableViewCell.swift */,
			);
			path = cell;
			sourceTree = "<group>";
		};
		228D0B322667815D004407A4 /* helper */ = {
			isa = PBXGroup;
			children = (
				228D0B33266781B3004407A4 /* DBHelper.swift */,
			);
			path = helper;
			sourceTree = "<group>";
		};
		228D0B372667A473004407A4 /* datamodel */ = {
			isa = PBXGroup;
			children = (
				228D0B3526679FD4004407A4 /* Recipe.swift */,
				228D0B382667CAF7004407A4 /* History.swift */,
			);
			path = datamodel;
			sourceTree = "<group>";
		};
		228D0B9D266A02F5004407A4 /* Products */ = {
			isa = PBXGroup;
			children = (
				228D0BA7266A02F5004407A4 /* SQLite.framework */,
				228D0BA9266A02F5004407A4 /* SQLiteTests iOS.xctest */,
				228D0BAB266A02F5004407A4 /* SQLite.framework */,
				228D0BAD266A02F5004407A4 /* SQLiteTests Mac.xctest */,
				228D0BAF266A02F5004407A4 /* SQLite.framework */,
				228D0BB1266A02F5004407A4 /* SQLiteTests tvOS.xctest */,
				228D0BB3266A02F5004407A4 /* SQLite.framework */,
			);
			name = Products;
			sourceTree = "<group>";
		};
		22CF6B6A265E30F2009138A1 = {
			isa = PBXGroup;
			children = (
				22CF6B75265E30F2009138A1 /* MyRecipe */,
				22CF6B74265E30F2009138A1 /* Products */,
				228D0B2826677C1A004407A4 /* Frameworks */,
			);
			sourceTree = "<group>";
		};
		22CF6B74265E30F2009138A1 /* Products */ = {
			isa = PBXGroup;
			children = (
				22CF6B73265E30F2009138A1 /* MyRecipe.app */,
			);
			name = Products;
			sourceTree = "<group>";
		};
		22CF6B75265E30F2009138A1 /* MyRecipe */ = {
			isa = PBXGroup;
			children = (
				228D0B9C266A02F5004407A4 /* SQLite.xcodeproj */,
				228D0B372667A473004407A4 /* datamodel */,
				228D0B322667815D004407A4 /* helper */,
				228D0B3126677E73004407A4 /* cell */,
				228D0B2E26677E37004407A4 /* delegate */,
				228D0B2F26677E58004407A4 /* controller */,
				228D0B3026677E66004407A4 /* storyboard */,
				22CF6B7F265E30F3009138A1 /* Assets.xcassets */,
				22CF6B84265E30F3009138A1 /* Info.plist */,
			);
			path = MyRecipe;
			sourceTree = "<group>";
		};
/* End PBXGroup section */

/* Begin PBXNativeTarget section */
		22CF6B72265E30F2009138A1 /* MyRecipe */ = {
			isa = PBXNativeTarget;
			buildConfigurationList = 22CF6B87265E30F3009138A1 /* Build configuration list for PBXNativeTarget "MyRecipe" */;
			buildPhases = (
				22CF6B6F265E30F2009138A1 /* Sources */,
				22CF6B70265E30F2009138A1 /* Frameworks */,
				22CF6B71265E30F2009138A1 /* Resources */,
				228D0B2B26677C1A004407A4 /* Embed Frameworks */,
			);
			buildRules = (
			);
			dependencies = (
			);
			name = MyRecipe;
			productName = MyRecipe;
			productReference = 22CF6B73265E30F2009138A1 /* MyRecipe.app */;
			productType = "com.apple.product-type.application";
		};
/* End PBXNativeTarget section */

/* Begin PBXProject section */
		22CF6B6B265E30F2009138A1 /* Project object */ = {
			isa = PBXProject;
			attributes = {
				LastSwiftUpdateCheck = 1250;
				LastUpgradeCheck = 1250;
				TargetAttributes = {
					22CF6B72265E30F2009138A1 = {
						CreatedOnToolsVersion = 12.5;
					};
				};
			};
			buildConfigurationList = 22CF6B6E265E30F2009138A1 /* Build configuration list for PBXProject "MyRecipe" */;
			compatibilityVersion = "Xcode 9.3";
			developmentRegion = en;
			hasScannedForEncodings = 0;
			knownRegions = (
				en,
				Base,
			);
			mainGroup = 22CF6B6A265E30F2009138A1;
			productRefGroup = 22CF6B74265E30F2009138A1 /* Products */;
			projectDirPath = "";
			projectReferences = (
				{
					ProductGroup = 228D0B9D266A02F5004407A4 /* Products */;
					ProjectRef = 228D0B9C266A02F5004407A4 /* SQLite.xcodeproj */;
				},
			);
			projectRoot = "";
			targets = (
				22CF6B72265E30F2009138A1 /* MyRecipe */,
			);
		};
/* End PBXProject section */

/* Begin PBXReferenceProxy section */
		228D0BA7266A02F5004407A4 /* SQLite.framework */ = {
			isa = PBXReferenceProxy;
			fileType = wrapper.framework;
			path = SQLite.framework;
			remoteRef = 228D0BA6266A02F5004407A4 /* PBXContainerItemProxy */;
			sourceTree = BUILT_PRODUCTS_DIR;
		};
		228D0BA9266A02F5004407A4 /* SQLiteTests iOS.xctest */ = {
			isa = PBXReferenceProxy;
			fileType = wrapper.cfbundle;
			path = "SQLiteTests iOS.xctest";
			remoteRef = 228D0BA8266A02F5004407A4 /* PBXContainerItemProxy */;
			sourceTree = BUILT_PRODUCTS_DIR;
		};
		228D0BAB266A02F5004407A4 /* SQLite.framework */ = {
			isa = PBXReferenceProxy;
			fileType = wrapper.framework;
			path = SQLite.framework;
			remoteRef = 228D0BAA266A02F5004407A4 /* PBXContainerItemProxy */;
			sourceTree = BUILT_PRODUCTS_DIR;
		};
		228D0BAD266A02F5004407A4 /* SQLiteTests Mac.xctest */ = {
			isa = PBXReferenceProxy;
			fileType = wrapper.cfbundle;
			path = "SQLiteTests Mac.xctest";
			remoteRef = 228D0BAC266A02F5004407A4 /* PBXContainerItemProxy */;
			sourceTree = BUILT_PRODUCTS_DIR;
		};
		228D0BAF266A02F5004407A4 /* SQLite.framework */ = {
			isa = PBXReferenceProxy;
			fileType = wrapper.framework;
			path = SQLite.framework;
			remoteRef = 228D0BAE266A02F5004407A4 /* PBXContainerItemProxy */;
			sourceTree = BUILT_PRODUCTS_DIR;
		};
		228D0BB1266A02F5004407A4 /* SQLiteTests tvOS.xctest */ = {
			isa = PBXReferenceProxy;
			fileType = wrapper.cfbundle;
			path = "SQLiteTests tvOS.xctest";
			remoteRef = 228D0BB0266A02F5004407A4 /* PBXContainerItemProxy */;
			sourceTree = BUILT_PRODUCTS_DIR;
		};
		228D0BB3266A02F5004407A4 /* SQLite.framework */ = {
			isa = PBXReferenceProxy;
			fileType = wrapper.framework;
			path = SQLite.framework;
			remoteRef = 228D0BB2266A02F5004407A4 /* PBXContainerItemProxy */;
			sourceTree = BUILT_PRODUCTS_DIR;
		};
/* End PBXReferenceProxy section */

/* Begin PBXResourcesBuildPhase section */
		22CF6B71265E30F2009138A1 /* Resources */ = {
			isa = PBXResourcesBuildPhase;
			buildActionMask = 2147483647;
			files = (
				22CF6B83265E30F3009138A1 /* LaunchScreen.storyboard in Resources */,
				22CF6B80265E30F3009138A1 /* Assets.xcassets in Resources */,
				22CF6B7E265E30F2009138A1 /* Main.storyboard in Resources */,
				22CF6B8D265E43BD009138A1 /* RecipeListTableViewCell.xib in Resources */,
			);
			runOnlyForDeploymentPostprocessing = 0;
		};
/* End PBXResourcesBuildPhase section */

/* Begin PBXSourcesBuildPhase section */
		22CF6B6F265E30F2009138A1 /* Sources */ = {
			isa = PBXSourcesBuildPhase;
			buildActionMask = 2147483647;
			files = (
				22CF6B7B265E30F2009138A1 /* ViewController.swift in Sources */,
				22CF6B77265E30F2009138A1 /* AppDelegate.swift in Sources */,
				228D0B34266781B3004407A4 /* DBHelper.swift in Sources */,
				228D0BDF266BBEE3004407A4 /* HistoryViewController.swift in Sources */,
				228D0B392667CAF7004407A4 /* History.swift in Sources */,
				228D0B3B2668C190004407A4 /* CreateRecipeViewController.swift in Sources */,
				228D0B3626679FD4004407A4 /* Recipe.swift in Sources */,
				22CF6B79265E30F2009138A1 /* SceneDelegate.swift in Sources */,
				228D0BCF266A4C70004407A4 /* ViewRecipeViewController.swift in Sources */,
				22CF6B8C265E43BD009138A1 /* RecipeListTableViewCell.swift in Sources */,
			);
			runOnlyForDeploymentPostprocessing = 0;
		};
/* End PBXSourcesBuildPhase section */

/* Begin PBXVariantGroup section */
		22CF6B7C265E30F2009138A1 /* Main.storyboard */ = {
			isa = PBXVariantGroup;
			children = (
				22CF6B7D265E30F2009138A1 /* Base */,
			);
			name = Main.storyboard;
			sourceTree = "<group>";
		};
		22CF6B81265E30F3009138A1 /* LaunchScreen.storyboard */ = {
			isa = PBXVariantGroup;
			children = (
				22CF6B82265E30F3009138A1 /* Base */,
			);
			name = LaunchScreen.storyboard;
			sourceTree = "<group>";
		};
/* End PBXVariantGroup section */

/* Begin XCBuildConfiguration section */
		22CF6B85265E30F3009138A1 /* Debug */ = {
			isa = XCBuildConfiguration;
			buildSettings = {
				ALWAYS_SEARCH_USER_PATHS = NO;
				CLANG_ANALYZER_NONNULL = YES;
				CLANG_ANALYZER_NUMBER_OBJECT_CONVERSION = YES_AGGRESSIVE;
				CLANG_CXX_LANGUAGE_STANDARD = "gnu++14";
				CLANG_CXX_LIBRARY = "libc++";
				CLANG_ENABLE_MODULES = YES;
				CLANG_ENABLE_OBJC_ARC = YES;
				CLANG_ENABLE_OBJC_WEAK = YES;
				CLANG_WARN_BLOCK_CAPTURE_AUTORELEASING = YES;
				CLANG_WARN_BOOL_CONVERSION = YES;
				CLANG_WARN_COMMA = YES;
				CLANG_WARN_CONSTANT_CONVERSION = YES;
				CLANG_WARN_DEPRECATED_OBJC_IMPLEMENTATIONS = YES;
				CLANG_WARN_DIRECT_OBJC_ISA_USAGE = YES_ERROR;
				CLANG_WARN_DOCUMENTATION_COMMENTS = YES;
				CLANG_WARN_EMPTY_BODY = YES;
				CLANG_WARN_ENUM_CONVERSION = YES;
				CLANG_WARN_INFINITE_RECURSION = YES;
				CLANG_WARN_INT_CONVERSION = YES;
				CLANG_WARN_NON_LITERAL_NULL_CONVERSION = YES;
				CLANG_WARN_OBJC_IMPLICIT_RETAIN_SELF = YES;
				CLANG_WARN_OBJC_LITERAL_CONVERSION = YES;
				CLANG_WARN_OBJC_ROOT_CLASS = YES_ERROR;
				CLANG_WARN_QUOTED_INCLUDE_IN_FRAMEWORK_HEADER = YES;
				CLANG_WARN_RANGE_LOOP_ANALYSIS = YES;
				CLANG_WARN_STRICT_PROTOTYPES = YES;
				CLANG_WARN_SUSPICIOUS_MOVE = YES;
				CLANG_WARN_UNGUARDED_AVAILABILITY = YES_AGGRESSIVE;
				CLANG_WARN_UNREACHABLE_CODE = YES;
				CLANG_WARN__DUPLICATE_METHOD_MATCH = YES;
				COPY_PHASE_STRIP = NO;
				DEBUG_INFORMATION_FORMAT = dwarf;
				ENABLE_STRICT_OBJC_MSGSEND = YES;
				ENABLE_TESTABILITY = YES;
				GCC_C_LANGUAGE_STANDARD = gnu11;
				GCC_DYNAMIC_NO_PIC = NO;
				GCC_NO_COMMON_BLOCKS = YES;
				GCC_OPTIMIZATION_LEVEL = 0;
				GCC_PREPROCESSOR_DEFINITIONS = (
					"DEBUG=1",
					"$(inherited)",
				);
				GCC_WARN_64_TO_32_BIT_CONVERSION = YES;
				GCC_WARN_ABOUT_RETURN_TYPE = YES_ERROR;
				GCC_WARN_UNDECLARED_SELECTOR = YES;
				GCC_WARN_UNINITIALIZED_AUTOS = YES_AGGRESSIVE;
				GCC_WARN_UNUSED_FUNCTION = YES;
				GCC_WARN_UNUSED_VARIABLE = YES;
				IPHONEOS_DEPLOYMENT_TARGET = 14.5;
				MTL_ENABLE_DEBUG_INFO = INCLUDE_SOURCE;
				MTL_FAST_MATH = YES;
				ONLY_ACTIVE_ARCH = YES;
				SDKROOT = iphoneos;
				SWIFT_ACTIVE_COMPILATION_CONDITIONS = DEBUG;
				SWIFT_OPTIMIZATION_LEVEL = "-Onone";
			};
			name = Debug;
		};
		22CF6B86265E30F3009138A1 /* Release */ = {
			isa = XCBuildConfiguration;
			buildSettings = {
				ALWAYS_SEARCH_USER_PATHS = NO;
				CLANG_ANALYZER_NONNULL = YES;
				CLANG_ANALYZER_NUMBER_OBJECT_CONVERSION = YES_AGGRESSIVE;
				CLANG_CXX_LANGUAGE_STANDARD = "gnu++14";
				CLANG_CXX_LIBRARY = "libc++";
				CLANG_ENABLE_MODULES = YES;
				CLANG_ENABLE_OBJC_ARC = YES;
				CLANG_ENABLE_OBJC_WEAK = YES;
				CLANG_WARN_BLOCK_CAPTURE_AUTORELEASING = YES;
				CLANG_WARN_BOOL_CONVERSION = YES;
				CLANG_WARN_COMMA = YES;
				CLANG_WARN_CONSTANT_CONVERSION = YES;
				CLANG_WARN_DEPRECATED_OBJC_IMPLEMENTATIONS = YES;
				CLANG_WARN_DIRECT_OBJC_ISA_USAGE = YES_ERROR;
				CLANG_WARN_DOCUMENTATION_COMMENTS = YES;
				CLANG_WARN_EMPTY_BODY = YES;
				CLANG_WARN_ENUM_CONVERSION = YES;
				CLANG_WARN_INFINITE_RECURSION = YES;
				CLANG_WARN_INT_CONVERSION = YES;
				CLANG_WARN_NON_LITERAL_NULL_CONVERSION = YES;
				CLANG_WARN_OBJC_IMPLICIT_RETAIN_SELF = YES;
				CLANG_WARN_OBJC_LITERAL_CONVERSION = YES;
				CLANG_WARN_OBJC_ROOT_CLASS = YES_ERROR;
				CLANG_WARN_QUOTED_INCLUDE_IN_FRAMEWORK_HEADER = YES;
				CLANG_WARN_RANGE_LOOP_ANALYSIS = YES;
				CLANG_WARN_STRICT_PROTOTYPES = YES;
				CLANG_WARN_SUSPICIOUS_MOVE = YES;
				CLANG_WARN_UNGUARDED_AVAILABILITY = YES_AGGRESSIVE;
				CLANG_WARN_UNREACHABLE_CODE = YES;
				CLANG_WARN__DUPLICATE_METHOD_MATCH = YES;
				COPY_PHASE_STRIP = NO;
				DEBUG_INFORMATION_FORMAT = "dwarf-with-dsym";
				ENABLE_NS_ASSERTIONS = NO;
				ENABLE_STRICT_OBJC_MSGSEND = YES;
				GCC_C_LANGUAGE_STANDARD = gnu11;
				GCC_NO_COMMON_BLOCKS = YES;
				GCC_WARN_64_TO_32_BIT_CONVERSION = YES;
				GCC_WARN_ABOUT_RETURN_TYPE = YES_ERROR;
				GCC_WARN_UNDECLARED_SELECTOR = YES;
				GCC_WARN_UNINITIALIZED_AUTOS = YES_AGGRESSIVE;
				GCC_WARN_UNUSED_FUNCTION = YES;
				GCC_WARN_UNUSED_VARIABLE = YES;
				IPHONEOS_DEPLOYMENT_TARGET = 14.5;
				MTL_ENABLE_DEBUG_INFO = NO;
				MTL_FAST_MATH = YES;
				SDKROOT = iphoneos;
				SWIFT_COMPILATION_MODE = wholemodule;
				SWIFT_OPTIMIZATION_LEVEL = "-O";
				VALIDATE_PRODUCT = YES;
			};
			name = Release;
		};
		22CF6B88265E30F3009138A1 /* Debug */ = {
			isa = XCBuildConfiguration;
			buildSettings = {
				ASSETCATALOG_COMPILER_APPICON_NAME = AppIcon;
				ASSETCATALOG_COMPILER_GLOBAL_ACCENT_COLOR_NAME = AccentColor;
				CODE_SIGN_STYLE = Automatic;
				DEVELOPMENT_TEAM = B75GVCXW65;
				INFOPLIST_FILE = MyRecipe/Info.plist;
				LD_RUNPATH_SEARCH_PATHS = (
					"$(inherited)",
					"@executable_path/Frameworks",
				);
				PRODUCT_BUNDLE_IDENTIFIER = swin.MyRecipe;
				PRODUCT_NAME = "$(TARGET_NAME)";
				SWIFT_VERSION = 5.0;
				TARGETED_DEVICE_FAMILY = "1,2";
			};
			name = Debug;
		};
		22CF6B89265E30F3009138A1 /* Release */ = {
			isa = XCBuildConfiguration;
			buildSettings = {
				ASSETCATALOG_COMPILER_APPICON_NAME = AppIcon;
				ASSETCATALOG_COMPILER_GLOBAL_ACCENT_COLOR_NAME = AccentColor;
				CODE_SIGN_STYLE = Automatic;
				DEVELOPMENT_TEAM = B75GVCXW65;
				INFOPLIST_FILE = MyRecipe/Info.plist;
				LD_RUNPATH_SEARCH_PATHS = (
					"$(inherited)",
					"@executable_path/Frameworks",
				);
				PRODUCT_BUNDLE_IDENTIFIER = swin.MyRecipe;
				PRODUCT_NAME = "$(TARGET_NAME)";
				SWIFT_VERSION = 5.0;
				TARGETED_DEVICE_FAMILY = "1,2";
			};
			name = Release;
		};
/* End XCBuildConfiguration section */

/* Begin XCConfigurationList section */
		22CF6B6E265E30F2009138A1 /* Build configuration list for PBXProject "MyRecipe" */ = {
			isa = XCConfigurationList;
			buildConfigurations = (
				22CF6B85265E30F3009138A1 /* Debug */,
				22CF6B86265E30F3009138A1 /* Release */,
			);
			defaultConfigurationIsVisible = 0;
			defaultConfigurationName = Release;
		};
		22CF6B87265E30F3009138A1 /* Build configuration list for PBXNativeTarget "MyRecipe" */ = {
			isa = XCConfigurationList;
			buildConfigurations = (
				22CF6B88265E30F3009138A1 /* Debug */,
				22CF6B89265E30F3009138A1 /* Release */,
			);
			defaultConfigurationIsVisible = 0;
			defaultConfigurationName = Release;
		};
/* End XCConfigurationList section */
	};
	rootObject = 22CF6B6B265E30F2009138A1 /* Project object */;
}
